
Microsoft Visual Studio Solution File, Format Version 12.00
# Visual Studio Version 16
VisualStudioVersion = 16.0.28922.388
MinimumVisualStudioVersion = 10.0.40219.1
Project("{9A19103F-16F7-4668-BE54-9A1E7A4F7556}") = "PaunPacker.Core", "PaunPacker.Core\PaunPacker.Core.csproj", "{75676712-BA19-430F-94BD-9A595B0AA183}"
EndProject
Project("{9A19103F-16F7-4668-BE54-9A1E7A4F7556}") = "PaunPacker.GUI", "PaunPacker.GUI\PaunPacker.GUI.csproj", "{65ABA2B9-E69A-4FB9-9F09-122031079D3F}"
EndProject
Project("{2150E333-8FDC-42A3-9474-1A3956D46DE8}") = "Tests", "Tests", "{FB428BFA-0FC3-4EA0-AF01-30FE7DE174D2}"
EndProject
Project("{2150E333-8FDC-42A3-9474-1A3956D46DE8}") = "Plugins", "Plugins", "{0A68C485-7EC6-43C9-B90C-3FA64E284479}"
EndProject
Project("{9A19103F-16F7-4668-BE54-9A1E7A4F7556}") = "PaunPacker.GUI.WPF.Common", "PaunPacker.GUI.WPF.Common\PaunPacker.GUI.WPF.Common.csproj", "{48794879-C340-48F7-8F16-8293A88F1081}"
EndProject
Project("{9A19103F-16F7-4668-BE54-9A1E7A4F7556}") = "Common", "Tests\Common\Common.csproj", "{93CDCCA3-7C66-4D6A-A6FE-EFFE87EDF1AD}"
EndProject
Project("{9A19103F-16F7-4668-BE54-9A1E7A4F7556}") = "GeneticMinimumBoundingBoxFinder", "Plugins\GeneticMinimumBoundingBoxFinder\GeneticMinimumBoundingBoxFinder.csproj", "{7B02914C-3EC8-4188-9D04-DF7719485F41}"
EndProject
Project("{9A19103F-16F7-4668-BE54-9A1E7A4F7556}") = "LibGDXMetadataWriter", "Plugins\LibGDXMetadataWriter\LibGDXMetadataWriter.csproj", "{7C3BD9B2-A34E-4DA4-B26E-6586B65FFF53}"
EndProject
Project("{9A19103F-16F7-4668-BE54-9A1E7A4F7556}") = "SkylineAlgorithmProviderPlugin", "Plugins\SkylineAlgorithmProviderPlugin\SkylineAlgorithmProviderPlugin.csproj", "{CC4919C7-2A4B-4374-800E-2690A0066FA6}"
EndProject
Project("{9A19103F-16F7-4668-BE54-9A1E7A4F7556}") = "UnityMetadataWriter", "Plugins\UnityMetadataWriter\UnityMetadataWriter.csproj", "{05BA136B-EE53-485F-A23A-A21A69DFF6A8}"
EndProject
Project("{2150E333-8FDC-42A3-9474-1A3956D46DE8}") = "Benchmarks", "Benchmarks", "{8B5A77E8-4F2F-42A9-B19A-C7B489B84062}"
EndProject
Project("{9A19103F-16F7-4668-BE54-9A1E7A4F7556}") = "BenchmarkRunner", "Tests\Benchmarks\BenchmarkRunner\BenchmarkRunner.csproj", "{36C291C8-0592-45C8-AC2B-D96F5BE1DD87}"
EndProject
Project("{9A19103F-16F7-4668-BE54-9A1E7A4F7556}") = "Support", "Tests\Benchmarks\Support\Support.csproj", "{B6DAA884-291D-44CB-8FA1-A94BDFA8067B}"
EndProject
Project("{9A19103F-16F7-4668-BE54-9A1E7A4F7556}") = "DefaultMBBF", "Tests\MBBF\DefaultMBBF\DefaultMBBF.csproj", "{E0330C32-211F-4E12-86EE-5919F7F76A0D}"
EndProject
Project("{9A19103F-16F7-4668-BE54-9A1E7A4F7556}") = "GeneticMinimumBoundingBoxFinder", "Tests\MBBF\GeneticMinimumBoundingBoxFinder\GeneticMinimumBoundingBoxFinder.csproj", "{779CAA2A-5BB9-42BB-8AEC-DDB204FCEB82}"
EndProject
Project("{9A19103F-16F7-4668-BE54-9A1E7A4F7556}") = "BLAlgorithm", "Tests\Placement\BLAlgorithm\BLAlgorithm.csproj", "{C563DC5C-0530-42FF-B386-5DC104E957D8}"
EndProject
Project("{9A19103F-16F7-4668-BE54-9A1E7A4F7556}") = "GuillotineAlgorithm", "Tests\Placement\GuillotineAlgorithm\GuillotineAlgorithm.csproj", "{A72C031F-CED5-41E9-9D5A-818D9F3C312D}"
EndProject
Project("{9A19103F-16F7-4668-BE54-9A1E7A4F7556}") = "MaxRectsAlgorithm", "Tests\Placement\MaxRectsAlgorithm\MaxRectsAlgorithm.csproj", "{D708B010-32AB-4791-BDF6-ACE5A05FBFE2}"
EndProject
Project("{9A19103F-16F7-4668-BE54-9A1E7A4F7556}") = "SkylineAlgorithm", "Tests\Placement\SkylineAlgorithm\SkylineAlgorithm.csproj", "{B414F86F-93BC-4E29-8FC3-2D21EF8F9B66}"
EndProject
Project("{2150E333-8FDC-42A3-9474-1A3956D46DE8}") = "Placement", "Placement", "{B9D85FA2-58B2-4979-B088-DC5A9F7C5F54}"
EndProject
Project("{2150E333-8FDC-42A3-9474-1A3956D46DE8}") = "MBBF", "MBBF", "{B016B8AB-D0FD-48F6-A29C-DEE698230D61}"
EndProject
Project("{930C7802-8A8C-48F9-8165-68863BCCD9DD}") = "Setup", "Setup\Setup\Setup.wixproj", "{3966AB07-D1FF-40E4-8BF5-57120F924A50}"
EndProject
Project("{9A19103F-16F7-4668-BE54-9A1E7A4F7556}") = "DefaultImplementationsProviderPlugin", "Plugins\DefaultImplementations\DefaultImplementationsProviderPlugin.csproj", "{FDD6898A-AF39-4DEF-AB82-B049FB61A111}"
EndProject
Project("{9A19103F-16F7-4668-BE54-9A1E7A4F7556}") = "GuillotineAlgorithmProviderPlugin", "Plugins\GuillotineAlgorithmProviderPlugin\GuillotineAlgorithmProviderPlugin.csproj", "{C83E7AC9-6609-4C2E-9403-80012F93A6F8}"
EndProject
Project("{7CF6DF6D-3B04-46F8-A40B-537D21BCA0B4}") = "Documentation", "Documentation\Documentation\Documentation.shfbproj", "{1D9BD357-C8F3-4389-A270-C1915B467B41}"
EndProject
Global
	GlobalSection(SolutionConfigurationPlatforms) = preSolution
		Debug|Any CPU = Debug|Any CPU
		Debug|x86 = Debug|x86
		Release|Any CPU = Release|Any CPU
		Release|x86 = Release|x86
	EndGlobalSection
	GlobalSection(ProjectConfigurationPlatforms) = postSolution
		{75676712-BA19-430F-94BD-9A595B0AA183}.Debug|Any CPU.ActiveCfg = Release|Any CPU
		{75676712-BA19-430F-94BD-9A595B0AA183}.Debug|Any CPU.Build.0 = Release|Any CPU
		{75676712-BA19-430F-94BD-9A595B0AA183}.Debug|x86.ActiveCfg = Release|Any CPU
		{75676712-BA19-430F-94BD-9A595B0AA183}.Debug|x86.Build.0 = Release|Any CPU
		{75676712-BA19-430F-94BD-9A595B0AA183}.Release|Any CPU.ActiveCfg = Release|Any CPU
		{75676712-BA19-430F-94BD-9A595B0AA183}.Release|Any CPU.Build.0 = Release|Any CPU
		{75676712-BA19-430F-94BD-9A595B0AA183}.Release|x86.ActiveCfg = Release|Any CPU
		{75676712-BA19-430F-94BD-9A595B0AA183}.Release|x86.Build.0 = Release|Any CPU
		{65ABA2B9-E69A-4FB9-9F09-122031079D3F}.Debug|Any CPU.ActiveCfg = Release|Any CPU
		{65ABA2B9-E69A-4FB9-9F09-122031079D3F}.Debug|Any CPU.Build.0 = Release|Any CPU
		{65ABA2B9-E69A-4FB9-9F09-122031079D3F}.Debug|x86.ActiveCfg = Release|Any CPU
		{65ABA2B9-E69A-4FB9-9F09-122031079D3F}.Debug|x86.Build.0 = Release|Any CPU
		{65ABA2B9-E69A-4FB9-9F09-122031079D3F}.Release|Any CPU.ActiveCfg = Release|Any CPU
		{65ABA2B9-E69A-4FB9-9F09-122031079D3F}.Release|Any CPU.Build.0 = Release|Any CPU
		{65ABA2B9-E69A-4FB9-9F09-122031079D3F}.Release|x86.ActiveCfg = Release|Any CPU
		{65ABA2B9-E69A-4FB9-9F09-122031079D3F}.Release|x86.Build.0 = Release|Any CPU
		{48794879-C340-48F7-8F16-8293A88F1081}.Debug|Any CPU.ActiveCfg = Release|Any CPU
		{48794879-C340-48F7-8F16-8293A88F1081}.Debug|Any CPU.Build.0 = Release|Any CPU
		{48794879-C340-48F7-8F16-8293A88F1081}.Debug|x86.ActiveCfg = Release|Any CPU
		{48794879-C340-48F7-8F16-8293A88F1081}.Debug|x86.Build.0 = Release|Any CPU
		{48794879-C340-48F7-8F16-8293A88F1081}.Release|Any CPU.ActiveCfg = Release|Any CPU
		{48794879-C340-48F7-8F16-8293A88F1081}.Release|Any CPU.Build.0 = Release|Any CPU
		{48794879-C340-48F7-8F16-8293A88F1081}.Release|x86.ActiveCfg = Release|Any CPU
		{48794879-C340-48F7-8F16-8293A88F1081}.Release|x86.Build.0 = Release|Any CPU
		{93CDCCA3-7C66-4D6A-A6FE-EFFE87EDF1AD}.Debug|Any CPU.ActiveCfg = Debug|Any CPU
		{93CDCCA3-7C66-4D6A-A6FE-EFFE87EDF1AD}.Debug|Any CPU.Build.0 = Debug|Any CPU
		{93CDCCA3-7C66-4D6A-A6FE-EFFE87EDF1AD}.Debug|x86.ActiveCfg = Debug|Any CPU
		{93CDCCA3-7C66-4D6A-A6FE-EFFE87EDF1AD}.Debug|x86.Build.0 = Debug|Any CPU
		{93CDCCA3-7C66-4D6A-A6FE-EFFE87EDF1AD}.Release|Any CPU.ActiveCfg = Release|Any CPU
		{93CDCCA3-7C66-4D6A-A6FE-EFFE87EDF1AD}.Release|Any CPU.Build.0 = Release|Any CPU
		{93CDCCA3-7C66-4D6A-A6FE-EFFE87EDF1AD}.Release|x86.ActiveCfg = Release|Any CPU
		{93CDCCA3-7C66-4D6A-A6FE-EFFE87EDF1AD}.Release|x86.Build.0 = Release|Any CPU
		{7B02914C-3EC8-4188-9D04-DF7719485F41}.Debug|Any CPU.ActiveCfg = Debug|Any CPU
		{7B02914C-3EC8-4188-9D04-DF7719485F41}.Debug|Any CPU.Build.0 = Debug|Any CPU
		{7B02914C-3EC8-4188-9D04-DF7719485F41}.Debug|x86.ActiveCfg = Debug|Any CPU
		{7B02914C-3EC8-4188-9D04-DF7719485F41}.Debug|x86.Build.0 = Debug|Any CPU
		{7B02914C-3EC8-4188-9D04-DF7719485F41}.Release|Any CPU.ActiveCfg = Release|Any CPU
		{7B02914C-3EC8-4188-9D04-DF7719485F41}.Release|Any CPU.Build.0 = Release|Any CPU
		{7B02914C-3EC8-4188-9D04-DF7719485F41}.Release|x86.ActiveCfg = Release|Any CPU
		{7B02914C-3EC8-4188-9D04-DF7719485F41}.Release|x86.Build.0 = Release|Any CPU
		{7C3BD9B2-A34E-4DA4-B26E-6586B65FFF53}.Debug|Any CPU.ActiveCfg = Release|Any CPU
		{7C3BD9B2-A34E-4DA4-B26E-6586B65FFF53}.Debug|Any CPU.Build.0 = Release|Any CPU
		{7C3BD9B2-A34E-4DA4-B26E-6586B65FFF53}.Debug|x86.ActiveCfg = Release|Any CPU
		{7C3BD9B2-A34E-4DA4-B26E-6586B65FFF53}.Debug|x86.Build.0 = Release|Any CPU
		{7C3BD9B2-A34E-4DA4-B26E-6586B65FFF53}.Release|Any CPU.ActiveCfg = Release|Any CPU
		{7C3BD9B2-A34E-4DA4-B26E-6586B65FFF53}.Release|Any CPU.Build.0 = Release|Any CPU
		{7C3BD9B2-A34E-4DA4-B26E-6586B65FFF53}.Release|x86.ActiveCfg = Release|Any CPU
		{7C3BD9B2-A34E-4DA4-B26E-6586B65FFF53}.Release|x86.Build.0 = Release|Any CPU
		{CC4919C7-2A4B-4374-800E-2690A0066FA6}.Debug|Any CPU.ActiveCfg = Release|Any CPU
		{CC4919C7-2A4B-4374-800E-2690A0066FA6}.Debug|Any CPU.Build.0 = Release|Any CPU
		{CC4919C7-2A4B-4374-800E-2690A0066FA6}.Debug|x86.ActiveCfg = Release|Any CPU
		{CC4919C7-2A4B-4374-800E-2690A0066FA6}.Debug|x86.Build.0 = Release|Any CPU
		{CC4919C7-2A4B-4374-800E-2690A0066FA6}.Release|Any CPU.ActiveCfg = Release|Any CPU
		{CC4919C7-2A4B-4374-800E-2690A0066FA6}.Release|Any CPU.Build.0 = Release|Any CPU
		{CC4919C7-2A4B-4374-800E-2690A0066FA6}.Release|x86.ActiveCfg = Release|Any CPU
		{CC4919C7-2A4B-4374-800E-2690A0066FA6}.Release|x86.Build.0 = Release|Any CPU
		{05BA136B-EE53-485F-A23A-A21A69DFF6A8}.Debug|Any CPU.ActiveCfg = Release|Any CPU
		{05BA136B-EE53-485F-A23A-A21A69DFF6A8}.Debug|Any CPU.Build.0 = Release|Any CPU
		{05BA136B-EE53-485F-A23A-A21A69DFF6A8}.Debug|x86.ActiveCfg = Release|Any CPU
		{05BA136B-EE53-485F-A23A-A21A69DFF6A8}.Debug|x86.Build.0 = Release|Any CPU
		{05BA136B-EE53-485F-A23A-A21A69DFF6A8}.Release|Any CPU.ActiveCfg = Release|Any CPU
		{05BA136B-EE53-485F-A23A-A21A69DFF6A8}.Release|Any CPU.Build.0 = Release|Any CPU
		{05BA136B-EE53-485F-A23A-A21A69DFF6A8}.Release|x86.ActiveCfg = Release|Any CPU
		{05BA136B-EE53-485F-A23A-A21A69DFF6A8}.Release|x86.Build.0 = Release|Any CPU
		{36C291C8-0592-45C8-AC2B-D96F5BE1DD87}.Debug|Any CPU.ActiveCfg = Debug|Any CPU
		{36C291C8-0592-45C8-AC2B-D96F5BE1DD87}.Debug|Any CPU.Build.0 = Debug|Any CPU
		{36C291C8-0592-45C8-AC2B-D96F5BE1DD87}.Debug|x86.ActiveCfg = Debug|Any CPU
		{36C291C8-0592-45C8-AC2B-D96F5BE1DD87}.Debug|x86.Build.0 = Debug|Any CPU
		{36C291C8-0592-45C8-AC2B-D96F5BE1DD87}.Release|Any CPU.ActiveCfg = Release|Any CPU
		{36C291C8-0592-45C8-AC2B-D96F5BE1DD87}.Release|Any CPU.Build.0 = Release|Any CPU
		{36C291C8-0592-45C8-AC2B-D96F5BE1DD87}.Release|x86.ActiveCfg = Release|Any CPU
		{36C291C8-0592-45C8-AC2B-D96F5BE1DD87}.Release|x86.Build.0 = Release|Any CPU
		{B6DAA884-291D-44CB-8FA1-A94BDFA8067B}.Debug|Any CPU.ActiveCfg = Release|Any CPU
		{B6DAA884-291D-44CB-8FA1-A94BDFA8067B}.Debug|Any CPU.Build.0 = Release|Any CPU
		{B6DAA884-291D-44CB-8FA1-A94BDFA8067B}.Debug|x86.ActiveCfg = Release|Any CPU
		{B6DAA884-291D-44CB-8FA1-A94BDFA8067B}.Debug|x86.Build.0 = Release|Any CPU
		{B6DAA884-291D-44CB-8FA1-A94BDFA8067B}.Release|Any CPU.ActiveCfg = Release|Any CPU
		{B6DAA884-291D-44CB-8FA1-A94BDFA8067B}.Release|Any CPU.Build.0 = Release|Any CPU
		{B6DAA884-291D-44CB-8FA1-A94BDFA8067B}.Release|x86.ActiveCfg = Release|Any CPU
		{B6DAA884-291D-44CB-8FA1-A94BDFA8067B}.Release|x86.Build.0 = Release|Any CPU
		{E0330C32-211F-4E12-86EE-5919F7F76A0D}.Debug|Any CPU.ActiveCfg = Debug|Any CPU
		{E0330C32-211F-4E12-86EE-5919F7F76A0D}.Debug|Any CPU.Build.0 = Debug|Any CPU
		{E0330C32-211F-4E12-86EE-5919F7F76A0D}.Debug|x86.ActiveCfg = Debug|Any CPU
		{E0330C32-211F-4E12-86EE-5919F7F76A0D}.Debug|x86.Build.0 = Debug|Any CPU
		{E0330C32-211F-4E12-86EE-5919F7F76A0D}.Release|Any CPU.ActiveCfg = Release|Any CPU
		{E0330C32-211F-4E12-86EE-5919F7F76A0D}.Release|Any CPU.Build.0 = Release|Any CPU
		{E0330C32-211F-4E12-86EE-5919F7F76A0D}.Release|x86.ActiveCfg = Release|Any CPU
		{E0330C32-211F-4E12-86EE-5919F7F76A0D}.Release|x86.Build.0 = Release|Any CPU
		{779CAA2A-5BB9-42BB-8AEC-DDB204FCEB82}.Debug|Any CPU.ActiveCfg = Release|Any CPU
		{779CAA2A-5BB9-42BB-8AEC-DDB204FCEB82}.Debug|Any CPU.Build.0 = Release|Any CPU
		{779CAA2A-5BB9-42BB-8AEC-DDB204FCEB82}.Debug|x86.ActiveCfg = Release|Any CPU
		{779CAA2A-5BB9-42BB-8AEC-DDB204FCEB82}.Debug|x86.Build.0 = Release|Any CPU
		{779CAA2A-5BB9-42BB-8AEC-DDB204FCEB82}.Release|Any CPU.ActiveCfg = Release|Any CPU
		{779CAA2A-5BB9-42BB-8AEC-DDB204FCEB82}.Release|Any CPU.Build.0 = Release|Any CPU
		{779CAA2A-5BB9-42BB-8AEC-DDB204FCEB82}.Release|x86.ActiveCfg = Release|Any CPU
		{779CAA2A-5BB9-42BB-8AEC-DDB204FCEB82}.Release|x86.Build.0 = Release|Any CPU
		{C563DC5C-0530-42FF-B386-5DC104E957D8}.Debug|Any CPU.ActiveCfg = Debug|Any CPU
		{C563DC5C-0530-42FF-B386-5DC104E957D8}.Debug|Any CPU.Build.0 = Debug|Any CPU
		{C563DC5C-0530-42FF-B386-5DC104E957D8}.Debug|x86.ActiveCfg = Debug|Any CPU
		{C563DC5C-0530-42FF-B386-5DC104E957D8}.Debug|x86.Build.0 = Debug|Any CPU
		{C563DC5C-0530-42FF-B386-5DC104E957D8}.Release|Any CPU.ActiveCfg = Release|Any CPU
		{C563DC5C-0530-42FF-B386-5DC104E957D8}.Release|Any CPU.Build.0 = Release|Any CPU
		{C563DC5C-0530-42FF-B386-5DC104E957D8}.Release|x86.ActiveCfg = Release|Any CPU
		{C563DC5C-0530-42FF-B386-5DC104E957D8}.Release|x86.Build.0 = Release|Any CPU
		{A72C031F-CED5-41E9-9D5A-818D9F3C312D}.Debug|Any CPU.ActiveCfg = Release|Any CPU
		{A72C031F-CED5-41E9-9D5A-818D9F3C312D}.Debug|Any CPU.Build.0 = Release|Any CPU
		{A72C031F-CED5-41E9-9D5A-818D9F3C312D}.Debug|x86.ActiveCfg = Release|Any CPU
		{A72C031F-CED5-41E9-9D5A-818D9F3C312D}.Debug|x86.Build.0 = Release|Any CPU
		{A72C031F-CED5-41E9-9D5A-818D9F3C312D}.Release|Any CPU.ActiveCfg = Release|Any CPU
		{A72C031F-CED5-41E9-9D5A-818D9F3C312D}.Release|Any CPU.Build.0 = Release|Any CPU
		{A72C031F-CED5-41E9-9D5A-818D9F3C312D}.Release|x86.ActiveCfg = Release|Any CPU
		{A72C031F-CED5-41E9-9D5A-818D9F3C312D}.Release|x86.Build.0 = Release|Any CPU
		{D708B010-32AB-4791-BDF6-ACE5A05FBFE2}.Debug|Any CPU.ActiveCfg = Release|Any CPU
		{D708B010-32AB-4791-BDF6-ACE5A05FBFE2}.Debug|Any CPU.Build.0 = Release|Any CPU
		{D708B010-32AB-4791-BDF6-ACE5A05FBFE2}.Debug|x86.ActiveCfg = Release|Any CPU
		{D708B010-32AB-4791-BDF6-ACE5A05FBFE2}.Debug|x86.Build.0 = Release|Any CPU
		{D708B010-32AB-4791-BDF6-ACE5A05FBFE2}.Release|Any CPU.ActiveCfg = Release|Any CPU
		{D708B010-32AB-4791-BDF6-ACE5A05FBFE2}.Release|Any CPU.Build.0 = Release|Any CPU
		{D708B010-32AB-4791-BDF6-ACE5A05FBFE2}.Release|x86.ActiveCfg = Release|Any CPU
		{D708B010-32AB-4791-BDF6-ACE5A05FBFE2}.Release|x86.Build.0 = Release|Any CPU
		{B414F86F-93BC-4E29-8FC3-2D21EF8F9B66}.Debug|Any CPU.ActiveCfg = Release|Any CPU
		{B414F86F-93BC-4E29-8FC3-2D21EF8F9B66}.Debug|Any CPU.Build.0 = Release|Any CPU
		{B414F86F-93BC-4E29-8FC3-2D21EF8F9B66}.Debug|x86.ActiveCfg = Release|Any CPU
		{B414F86F-93BC-4E29-8FC3-2D21EF8F9B66}.Debug|x86.Build.0 = Release|Any CPU
		{B414F86F-93BC-4E29-8FC3-2D21EF8F9B66}.Release|Any CPU.ActiveCfg = Release|Any CPU
		{B414F86F-93BC-4E29-8FC3-2D21EF8F9B66}.Release|Any CPU.Build.0 = Release|Any CPU
		{B414F86F-93BC-4E29-8FC3-2D21EF8F9B66}.Release|x86.ActiveCfg = Release|Any CPU
		{B414F86F-93BC-4E29-8FC3-2D21EF8F9B66}.Release|x86.Build.0 = Release|Any CPU
		{3966AB07-D1FF-40E4-8BF5-57120F924A50}.Debug|Any CPU.ActiveCfg = Release|x86
		{3966AB07-D1FF-40E4-8BF5-57120F924A50}.Debug|x86.ActiveCfg = Release|x86
		{3966AB07-D1FF-40E4-8BF5-57120F924A50}.Debug|x86.Build.0 = Debug|x86
		{3966AB07-D1FF-40E4-8BF5-57120F924A50}.Release|Any CPU.ActiveCfg = Release|x86
		{3966AB07-D1FF-40E4-8BF5-57120F924A50}.Release|x86.ActiveCfg = Release|x86
		{3966AB07-D1FF-40E4-8BF5-57120F924A50}.Release|x86.Build.0 = Release|x86
		{FDD6898A-AF39-4DEF-AB82-B049FB61A111}.Debug|Any CPU.ActiveCfg = Debug|Any CPU
		{FDD6898A-AF39-4DEF-AB82-B049FB61A111}.Debug|Any CPU.Build.0 = Debug|Any CPU
		{FDD6898A-AF39-4DEF-AB82-B049FB61A111}.Debug|x86.ActiveCfg = Debug|Any CPU
		{FDD6898A-AF39-4DEF-AB82-B049FB61A111}.Debug|x86.Build.0 = Debug|Any CPU
		{FDD6898A-AF39-4DEF-AB82-B049FB61A111}.Release|Any CPU.ActiveCfg = Release|Any CPU
		{FDD6898A-AF39-4DEF-AB82-B049FB61A111}.Release|Any CPU.Build.0 = Release|Any CPU
		{FDD6898A-AF39-4DEF-AB82-B049FB61A111}.Release|x86.ActiveCfg = Release|Any CPU
		{FDD6898A-AF39-4DEF-AB82-B049FB61A111}.Release|x86.Build.0 = Release|Any CPU
		{C83E7AC9-6609-4C2E-9403-80012F93A6F8}.Debug|Any CPU.ActiveCfg = Release|Any CPU
		{C83E7AC9-6609-4C2E-9403-80012F93A6F8}.Debug|Any CPU.Build.0 = Release|Any CPU
		{C83E7AC9-6609-4C2E-9403-80012F93A6F8}.Debug|x86.ActiveCfg = Release|Any CPU
		{C83E7AC9-6609-4C2E-9403-80012F93A6F8}.Debug|x86.Build.0 = Release|Any CPU
		{C83E7AC9-6609-4C2E-9403-80012F93A6F8}.Release|Any CPU.ActiveCfg = Release|Any CPU
		{C83E7AC9-6609-4C2E-9403-80012F93A6F8}.Release|Any CPU.Build.0 = Release|Any CPU
		{C83E7AC9-6609-4C2E-9403-80012F93A6F8}.Release|x86.ActiveCfg = Release|Any CPU
		{C83E7AC9-6609-4C2E-9403-80012F93A6F8}.Release|x86.Build.0 = Release|Any CPU
		{1D9BD357-C8F3-4389-A270-C1915B467B41}.Debug|Any CPU.ActiveCfg = Debug|Any CPU
		{1D9BD357-C8F3-4389-A270-C1915B467B41}.Debug|Any CPU.Build.0 = Debug|Any CPU
		{1D9BD357-C8F3-4389-A270-C1915B467B41}.Debug|x86.ActiveCfg = Debug|Any CPU
		{1D9BD357-C8F3-4389-A270-C1915B467B41}.Debug|x86.Build.0 = Debug|Any CPU
		{1D9BD357-C8F3-4389-A270-C1915B467B41}.Release|Any CPU.ActiveCfg = Debug|Any CPU
		{1D9BD357-C8F3-4389-A270-C1915B467B41}.Release|Any CPU.Build.0 = Debug|Any CPU
		{1D9BD357-C8F3-4389-A270-C1915B467B41}.Release|x86.ActiveCfg = Debug|Any CPU
		{1D9BD357-C8F3-4389-A270-C1915B467B41}.Release|x86.Build.0 = Debug|Any CPU
	EndGlobalSection
	GlobalSection(SolutionProperties) = preSolution
		HideSolutionNode = FALSE
	EndGlobalSection
	GlobalSection(NestedProjects) = preSolution
		{93CDCCA3-7C66-4D6A-A6FE-EFFE87EDF1AD} = {FB428BFA-0FC3-4EA0-AF01-30FE7DE174D2}
		{7B02914C-3EC8-4188-9D04-DF7719485F41} = {0A68C485-7EC6-43C9-B90C-3FA64E284479}
		{7C3BD9B2-A34E-4DA4-B26E-6586B65FFF53} = {0A68C485-7EC6-43C9-B90C-3FA64E284479}
		{CC4919C7-2A4B-4374-800E-2690A0066FA6} = {0A68C485-7EC6-43C9-B90C-3FA64E284479}
		{05BA136B-EE53-485F-A23A-A21A69DFF6A8} = {0A68C485-7EC6-43C9-B90C-3FA64E284479}
		{8B5A77E8-4F2F-42A9-B19A-C7B489B84062} = {FB428BFA-0FC3-4EA0-AF01-30FE7DE174D2}
		{36C291C8-0592-45C8-AC2B-D96F5BE1DD87} = {8B5A77E8-4F2F-42A9-B19A-C7B489B84062}
		{B6DAA884-291D-44CB-8FA1-A94BDFA8067B} = {8B5A77E8-4F2F-42A9-B19A-C7B489B84062}
		{E0330C32-211F-4E12-86EE-5919F7F76A0D} = {B016B8AB-D0FD-48F6-A29C-DEE698230D61}
		{779CAA2A-5BB9-42BB-8AEC-DDB204FCEB82} = {B016B8AB-D0FD-48F6-A29C-DEE698230D61}
		{C563DC5C-0530-42FF-B386-5DC104E957D8} = {B9D85FA2-58B2-4979-B088-DC5A9F7C5F54}
		{A72C031F-CED5-41E9-9D5A-818D9F3C312D} = {B9D85FA2-58B2-4979-B088-DC5A9F7C5F54}
		{D708B010-32AB-4791-BDF6-ACE5A05FBFE2} = {B9D85FA2-58B2-4979-B088-DC5A9F7C5F54}
		{B414F86F-93BC-4E29-8FC3-2D21EF8F9B66} = {B9D85FA2-58B2-4979-B088-DC5A9F7C5F54}
		{B9D85FA2-58B2-4979-B088-DC5A9F7C5F54} = {FB428BFA-0FC3-4EA0-AF01-30FE7DE174D2}
		{B016B8AB-D0FD-48F6-A29C-DEE698230D61} = {FB428BFA-0FC3-4EA0-AF01-30FE7DE174D2}
		{FDD6898A-AF39-4DEF-AB82-B049FB61A111} = {0A68C485-7EC6-43C9-B90C-3FA64E284479}
		{C83E7AC9-6609-4C2E-9403-80012F93A6F8} = {0A68C485-7EC6-43C9-B90C-3FA64E284479}
	EndGlobalSection
	GlobalSection(ExtensibilityGlobals) = postSolution
		SolutionGuid = {CE96F9E4-4C86-414D-8C1D-A5DD6303AB71}
	EndGlobalSection
EndGlobal
